
Microsoft Visual Studio Solution File, Format Version 12.00
# Visual Studio for Mac
Project("{FAE04EC0-301F-11D3-BF4B-00C04F79EFBC}") = "Unity Animation", "Assembly-CSharp.csproj", "{817DC0AF-C774-8D7D-4F4E-273F6B31A2D1}"
EndProject
Global
	GlobalSection(SolutionConfigurationPlatforms) = preSolution
		Debug|Any CPU = Debug|Any CPU
		Release|Any CPU = Release|Any CPU
	EndGlobalSection
	GlobalSection(ProjectConfigurationPlatforms) = postSolution
		{817DC0AF-C774-8D7D-4F4E-273F6B31A2D1}.Debug|Any CPU.ActiveCfg = Debug|Any CPU
		{817DC0AF-C774-8D7D-4F4E-273F6B31A2D1}.Debug|Any CPU.Build.0 = Debug|Any CPU
		{817DC0AF-C774-8D7D-4F4E-273F6B31A2D1}.Release|Any CPU.ActiveCfg = Release|Any CPU
		{817DC0AF-C774-8D7D-4F4E-273F6B31A2D1}.Release|Any CPU.Build.0 = Release|Any CPU
	EndGlobalSection
	GlobalSection(SolutionProperties) = preSolution
		HideSolutionNode = FALSE
	EndGlobalSection
EndGlobal
